
Microsoft Visual Studio Solution File, Format Version 12.00
# Visual Studio Version 17
VisualStudioVersion = 17.5.002.0
MinimumVisualStudioVersion = 10.0.40219.1
Project("{9A19103F-16F7-4668-BE54-9A1E7A4F7556}") = "Sudoku", "Sudoku\Sudoku.csproj", "{45E9AC32-CCBF-4913-B038-BEA92701455B}"
EndProject
Global
	GlobalSection(SolutionConfigurationPlatforms) = preSolution
		Debug|Any CPU = Debug|Any CPU
		Release|Any CPU = Release|Any CPU
	EndGlobalSection
	GlobalSection(ProjectConfigurationPlatforms) = postSolution
		{45E9AC32-CCBF-4913-B038-BEA92701455B}.Debug|Any CPU.ActiveCfg = Debug|Any CPU
		{45E9AC32-CCBF-4913-B038-BEA92701455B}.Debug|Any CPU.Build.0 = Debug|Any CPU
		{45E9AC32-CCBF-4913-B038-BEA92701455B}.Release|Any CPU.ActiveCfg = Release|Any CPU
		{45E9AC32-CCBF-4913-B038-BEA92701455B}.Release|Any CPU.Build.0 = Release|Any CPU
	EndGlobalSection
	GlobalSection(SolutionProperties) = preSolution
		HideSolutionNode = FALSE
	EndGlobalSection
	GlobalSection(ExtensibilityGlobals) = postSolution
		SolutionGuid = {94CBC2E9-85B2-4967-9CB7-F85DD46FA72E}
	EndGlobalSection
EndGlobal
